
Microsoft Visual Studio Solution File, Format Version 12.00
# Visual Studio Version 17
VisualStudioVersion = 17.4.33213.308
MinimumVisualStudioVersion = 10.0.40219.1
Project("{FAE04EC0-301F-11D3-BF4B-00C04F79EFBC}") = "LightCreator", "LightCreator.csproj", "{ACBD373D-EC8C-4E1B-8C3B-5E6BB7C7FACD}"
EndProject
Global
	GlobalSection(SolutionConfigurationPlatforms) = preSolution
		Debug|Any CPU = Debug|Any CPU
		Release|Any CPU = Release|Any CPU
	EndGlobalSection
	GlobalSection(ProjectConfigurationPlatforms) = postSolution
		{ACBD373D-EC8C-4E1B-8C3B-5E6BB7C7FACD}.Debug|Any CPU.ActiveCfg = Debug|Any CPU
		{ACBD373D-EC8C-4E1B-8C3B-5E6BB7C7FACD}.Debug|Any CPU.Build.0 = Debug|Any CPU
		{ACBD373D-EC8C-4E1B-8C3B-5E6BB7C7FACD}.Release|Any CPU.ActiveCfg = Release|Any CPU
		{ACBD373D-EC8C-4E1B-8C3B-5E6BB7C7FACD}.Release|Any CPU.Build.0 = Release|Any CPU
	EndGlobalSection
	GlobalSection(SolutionProperties) = preSolution
		HideSolutionNode = FALSE
	EndGlobalSection
	GlobalSection(ExtensibilityGlobals) = postSolution
		SolutionGuid = {1A6A093D-4FA0-4555-8F63-F0FF41E488DF}
	EndGlobalSection
EndGlobal
